
Microsoft Visual Studio Solution File, Format Version 12.00
# Visual Studio 15
VisualStudioVersion = 15.0.28307.852
MinimumVisualStudioVersion = 10.0.40219.1
Project("{FAE04EC0-301F-11D3-BF4B-00C04F79EFBC}") = "guia2_sg", "guia2_sg\guia2_sg.csproj", "{63851CE0-D831-4208-934E-263D0B3CF21B}"
EndProject
Global
	GlobalSection(SolutionConfigurationPlatforms) = preSolution
		Debug|Any CPU = Debug|Any CPU
		Release|Any CPU = Release|Any CPU
	EndGlobalSection
	GlobalSection(ProjectConfigurationPlatforms) = postSolution
		{63851CE0-D831-4208-934E-263D0B3CF21B}.Debug|Any CPU.ActiveCfg = Debug|Any CPU
		{63851CE0-D831-4208-934E-263D0B3CF21B}.Debug|Any CPU.Build.0 = Debug|Any CPU
		{63851CE0-D831-4208-934E-263D0B3CF21B}.Release|Any CPU.ActiveCfg = Release|Any CPU
		{63851CE0-D831-4208-934E-263D0B3CF21B}.Release|Any CPU.Build.0 = Release|Any CPU
	EndGlobalSection
	GlobalSection(SolutionProperties) = preSolution
		HideSolutionNode = FALSE
	EndGlobalSection
	GlobalSection(ExtensibilityGlobals) = postSolution
		SolutionGuid = {D8B1C61D-43FC-442C-ABDD-D96CD427C670}
	EndGlobalSection
EndGlobal
